
Microsoft Visual Studio Solution File, Format Version 12.00
# Visual Studio Version 16
VisualStudioVersion = 16.0.31402.337
MinimumVisualStudioVersion = 10.0.40219.1
Project("{FAE04EC0-301F-11D3-BF4B-00C04F79EFBC}") = "Yemekhane", "EntityFramework\Yemekhane.csproj", "{BBEAFB1C-848C-45C4-946C-ABB03BA8284E}"
EndProject
Global
	GlobalSection(SolutionConfigurationPlatforms) = preSolution
		Debug|Any CPU = Debug|Any CPU
		Release|Any CPU = Release|Any CPU
	EndGlobalSection
	GlobalSection(ProjectConfigurationPlatforms) = postSolution
		{BBEAFB1C-848C-45C4-946C-ABB03BA8284E}.Debug|Any CPU.ActiveCfg = Debug|Any CPU
		{BBEAFB1C-848C-45C4-946C-ABB03BA8284E}.Debug|Any CPU.Build.0 = Debug|Any CPU
		{BBEAFB1C-848C-45C4-946C-ABB03BA8284E}.Release|Any CPU.ActiveCfg = Release|Any CPU
		{BBEAFB1C-848C-45C4-946C-ABB03BA8284E}.Release|Any CPU.Build.0 = Release|Any CPU
	EndGlobalSection
	GlobalSection(SolutionProperties) = preSolution
		HideSolutionNode = FALSE
	EndGlobalSection
	GlobalSection(ExtensibilityGlobals) = postSolution
		SolutionGuid = {C913B6BB-B425-4BF3-A68A-ED0AB2F6907C}
	EndGlobalSection
EndGlobal
